github.com/andybalholm/cascadia v1.3.4 h1:vM2lgh0Vru9Vwyfm4cQqWP2HHMW0u0+2PAW7Q38Qufg=
github.com/andybalholm/cascadia v1.3.4/go.mod h1:BLRmbRjpEtNKieZOCCvYj4RqN+KRA41GBe/5O+G93kM=
github.com/crhntr/httplog v1.4.0 h1:ui4qmtEUGWJ1sW0jdtHttlYmeZUdiPB7cXqtvV8i+EU=
github.com/crhntr/httplog v1.4.0/go.mod h1:X+07MDn2wC3cJsyXTvD6bNstshfxJlAlY7PxE6da8hU=
github.com/crhntr/sse v0.1.0 h1:kmNjwyGReykuzNWJGE19SXHdw5etcjwsqk7e9/nQ/oM=
github.com/crhntr/sse v0.1.0/go.mod h1:NHkaAcDlZO8zQ1gFe0ovmDus7rwkDa9kmDWECpWXgEU=
github.com/mattn/go-sqlite3 v2.0.3+incompatible h1:gXHsfypPkaMZrKbD5209QV9jbUTJKjyR5WD3HYQSd+U=
github.com/mattn/go-sqlite3 v2.0.3+incompatible/go.mod h1:FPy6KqzDD04eiIsT53CuJW3U88zkxoIYsOqkbpncsNc=
github.com/stretchr/objx v0.5.3 h1:jmXUvGomnU1o3W/V5h2VEradbpJDwGrzugQQvL0POH4=
github.com/stretchr/objx v0.5.3/go.mod h1:rDQraq+vQZU7Fde9LOZLr8Tax6zZvy4kuNKF+QYS+U0=
github.com/stretchr/testify v1.12.1 h1:EuwCh5fleGS7H32xRwO3wRGT7DxrDhLAT6FF8MpWDWE=
github.com/stretchr/testify v1.12.1/go.mod h1:MDEgiDPPsNp5cuIrHPPCyornHKgEVbtFUmoNlxoYthg=
github.com/typelate/dom v0.9.0 h1:MCINBhwO0ILI0/XTBRM9IFE/Pwbf3kW6Z+ZEN9zoOrE=
github.com/typelate/dom v0.9.0/go.mod h1:yJqbbj0Yew7Vwu+R/TG3IqJ285rCZKyBbFMTUsfqB8M=
go.yaml.in/yaml/v3 v3.0.5 h1:N6y/pJk8buWs9NY5ERU2HSMfm+IuD/OtfdAnq6kESPw=
go.yaml.in/yaml/v3 v3.0.5/go.mod h1:HVTZu1O7/Vkt2N+BFy8Zza+lnLsABggaTM2ZpNIGuKg=
golang.org/x/net v0.58.0 h1:ynWG7rqYi4ccpTEuPZ2QGWHktVEM9DMCj9yzDE0Q7To=
golang.org/x/net v0.58.0/go.mod h1:YwCddHnFlT7eLQqVprV19OnhLGtc5xOKgE0RyqgfWAU=
